
Microsoft Visual Studio Solution File, Format Version 12.00
# Visual Studio 15
VisualStudioVersion = 15.0.27130.2003
MinimumVisualStudioVersion = 10.0.40219.1
Project("{FAE04EC0-301F-11D3-BF4B-00C04F79EFBC}") = "two_way_authentification", "two_way_authentification\two_way_authentification.csproj", "{E2087F68-C2EB-4FDF-BA79-2AD633DDC365}"
EndProject
Global
	GlobalSection(SolutionConfigurationPlatforms) = preSolution
		Debug|Any CPU = Debug|Any CPU
		Release|Any CPU = Release|Any CPU
	EndGlobalSection
	GlobalSection(ProjectConfigurationPlatforms) = postSolution
		{E2087F68-C2EB-4FDF-BA79-2AD633DDC365}.Debug|Any CPU.ActiveCfg = Debug|Any CPU
		{E2087F68-C2EB-4FDF-BA79-2AD633DDC365}.Debug|Any CPU.Build.0 = Debug|Any CPU
		{E2087F68-C2EB-4FDF-BA79-2AD633DDC365}.Release|Any CPU.ActiveCfg = Release|Any CPU
		{E2087F68-C2EB-4FDF-BA79-2AD633DDC365}.Release|Any CPU.Build.0 = Release|Any CPU
	EndGlobalSection
	GlobalSection(SolutionProperties) = preSolution
		HideSolutionNode = FALSE
	EndGlobalSection
	GlobalSection(ExtensibilityGlobals) = postSolution
		SolutionGuid = {B11D02D8-CDCB-44B4-B273-290A367414C1}
	EndGlobalSection
EndGlobal
